
Microsoft Visual Studio Solution File, Format Version 12.00
# Visual Studio 14
VisualStudioVersion = 14.0.24720.0
MinimumVisualStudioVersion = 10.0.40219.1
Project("{2150E333-8FDC-42A3-9474-1A3956D46DE8}") = "DataLayer", "DataLayer", "{CE784FB7-6A1A-4563-8CE7-3C8805414FE5}"
EndProject
Project("{2150E333-8FDC-42A3-9474-1A3956D46DE8}") = "Domain", "Domain", "{6BECB2A7-3A37-4C84-98E3-031D1B222201}"
EndProject
Project("{2150E333-8FDC-42A3-9474-1A3956D46DE8}") = "PresentationLayer", "PresentationLayer", "{77B1E02E-7C06-4EB7-9D0A-CB69EF6332A6}"
EndProject
Project("{FAE04EC0-301F-11D3-BF4B-00C04F79EFBC}") = "Contracts", "Contracts\Contracts.csproj", "{EAEBBA62-93CA-4467-8F9A-49359300C922}"
EndProject
Project("{FAE04EC0-301F-11D3-BF4B-00C04F79EFBC}") = "DomainModel", "DomainModel\DomainModel.csproj", "{716F43A1-2FFE-461A-B821-4DC2687AC629}"
EndProject
Project("{FAE04EC0-301F-11D3-BF4B-00C04F79EFBC}") = "Services", "Services\Services.csproj", "{B12810A3-0436-48FA-9178-E056B521D259}"
EndProject
Project("{FAE04EC0-301F-11D3-BF4B-00C04F79EFBC}") = "Respositories", "Respositories\Respositories.csproj", "{CFA3151C-46C1-4FCB-A464-175C4C3D5614}"
EndProject
Project("{FAE04EC0-301F-11D3-BF4B-00C04F79EFBC}") = "WFormsPresentation", "WFormsPresentation\WFormsPresentation.csproj", "{ED5B8485-381C-4A5F-83EB-14E24CB6684C}"
EndProject
Project("{FAE04EC0-301F-11D3-BF4B-00C04F79EFBC}") = "WpfPresentation", "WpfPresentation\WpfPresentation.csproj", "{C42D800F-6A61-415A-A1BD-F0E88C99030E}"
EndProject
Global
	GlobalSection(SolutionConfigurationPlatforms) = preSolution
		Debug|Any CPU = Debug|Any CPU
		Release|Any CPU = Release|Any CPU
	EndGlobalSection
	GlobalSection(ProjectConfigurationPlatforms) = postSolution
		{EAEBBA62-93CA-4467-8F9A-49359300C922}.Debug|Any CPU.ActiveCfg = Debug|Any CPU
		{EAEBBA62-93CA-4467-8F9A-49359300C922}.Debug|Any CPU.Build.0 = Debug|Any CPU
		{EAEBBA62-93CA-4467-8F9A-49359300C922}.Release|Any CPU.ActiveCfg = Release|Any CPU
		{EAEBBA62-93CA-4467-8F9A-49359300C922}.Release|Any CPU.Build.0 = Release|Any CPU
		{716F43A1-2FFE-461A-B821-4DC2687AC629}.Debug|Any CPU.ActiveCfg = Debug|Any CPU
		{716F43A1-2FFE-461A-B821-4DC2687AC629}.Debug|Any CPU.Build.0 = Debug|Any CPU
		{716F43A1-2FFE-461A-B821-4DC2687AC629}.Release|Any CPU.ActiveCfg = Release|Any CPU
		{716F43A1-2FFE-461A-B821-4DC2687AC629}.Release|Any CPU.Build.0 = Release|Any CPU
		{B12810A3-0436-48FA-9178-E056B521D259}.Debug|Any CPU.ActiveCfg = Debug|Any CPU
		{B12810A3-0436-48FA-9178-E056B521D259}.Debug|Any CPU.Build.0 = Debug|Any CPU
		{B12810A3-0436-48FA-9178-E056B521D259}.Release|Any CPU.ActiveCfg = Release|Any CPU
		{B12810A3-0436-48FA-9178-E056B521D259}.Release|Any CPU.Build.0 = Release|Any CPU
		{CFA3151C-46C1-4FCB-A464-175C4C3D5614}.Debug|Any CPU.ActiveCfg = Debug|Any CPU
		{CFA3151C-46C1-4FCB-A464-175C4C3D5614}.Debug|Any CPU.Build.0 = Debug|Any CPU
		{CFA3151C-46C1-4FCB-A464-175C4C3D5614}.Release|Any CPU.ActiveCfg = Release|Any CPU
		{CFA3151C-46C1-4FCB-A464-175C4C3D5614}.Release|Any CPU.Build.0 = Release|Any CPU
		{ED5B8485-381C-4A5F-83EB-14E24CB6684C}.Debug|Any CPU.ActiveCfg = Debug|Any CPU
		{ED5B8485-381C-4A5F-83EB-14E24CB6684C}.Debug|Any CPU.Build.0 = Debug|Any CPU
		{ED5B8485-381C-4A5F-83EB-14E24CB6684C}.Release|Any CPU.ActiveCfg = Release|Any CPU
		{ED5B8485-381C-4A5F-83EB-14E24CB6684C}.Release|Any CPU.Build.0 = Release|Any CPU
		{C42D800F-6A61-415A-A1BD-F0E88C99030E}.Debug|Any CPU.ActiveCfg = Debug|Any CPU
		{C42D800F-6A61-415A-A1BD-F0E88C99030E}.Debug|Any CPU.Build.0 = Debug|Any CPU
		{C42D800F-6A61-415A-A1BD-F0E88C99030E}.Release|Any CPU.ActiveCfg = Release|Any CPU
		{C42D800F-6A61-415A-A1BD-F0E88C99030E}.Release|Any CPU.Build.0 = Release|Any CPU
	EndGlobalSection
	GlobalSection(SolutionProperties) = preSolution
		HideSolutionNode = FALSE
	EndGlobalSection
	GlobalSection(NestedProjects) = preSolution
		{EAEBBA62-93CA-4467-8F9A-49359300C922} = {6BECB2A7-3A37-4C84-98E3-031D1B222201}
		{716F43A1-2FFE-461A-B821-4DC2687AC629} = {6BECB2A7-3A37-4C84-98E3-031D1B222201}
		{B12810A3-0436-48FA-9178-E056B521D259} = {6BECB2A7-3A37-4C84-98E3-031D1B222201}
		{CFA3151C-46C1-4FCB-A464-175C4C3D5614} = {CE784FB7-6A1A-4563-8CE7-3C8805414FE5}
		{ED5B8485-381C-4A5F-83EB-14E24CB6684C} = {77B1E02E-7C06-4EB7-9D0A-CB69EF6332A6}
		{C42D800F-6A61-415A-A1BD-F0E88C99030E} = {77B1E02E-7C06-4EB7-9D0A-CB69EF6332A6}
	EndGlobalSection
EndGlobal
